
Microsoft Visual Studio Solution File, Format Version 12.00
# Visual Studio Version 16
VisualStudioVersion = 16.0.31229.75
MinimumVisualStudioVersion = 10.0.40219.1
Project("{FAE04EC0-301F-11D3-BF4B-00C04F79EFBC}") = "RedBlack", "RedBlackTree\RedBlack.csproj", "{44970368-5135-4EEB-A75C-CD83E24980D4}"
EndProject
Global
	GlobalSection(SolutionConfigurationPlatforms) = preSolution
		Debug|Any CPU = Debug|Any CPU
		Release|Any CPU = Release|Any CPU
	EndGlobalSection
	GlobalSection(ProjectConfigurationPlatforms) = postSolution
		{44970368-5135-4EEB-A75C-CD83E24980D4}.Debug|Any CPU.ActiveCfg = Debug|Any CPU
		{44970368-5135-4EEB-A75C-CD83E24980D4}.Debug|Any CPU.Build.0 = Debug|Any CPU
		{44970368-5135-4EEB-A75C-CD83E24980D4}.Release|Any CPU.ActiveCfg = Release|Any CPU
		{44970368-5135-4EEB-A75C-CD83E24980D4}.Release|Any CPU.Build.0 = Release|Any CPU
	EndGlobalSection
	GlobalSection(SolutionProperties) = preSolution
		HideSolutionNode = FALSE
	EndGlobalSection
	GlobalSection(ExtensibilityGlobals) = postSolution
		SolutionGuid = {14643F5D-F06A-4268-815B-E9614C5AA37B}
	EndGlobalSection
EndGlobal
