
Microsoft Visual Studio Solution File, Format Version 12.00
# Visual Studio Version 16
VisualStudioVersion = 16.0.31229.75
MinimumVisualStudioVersion = 10.0.40219.1
Project("{FAE04EC0-301F-11D3-BF4B-00C04F79EFBC}") = "AssembliesAndNamespaces", "AssembliesAndNamespaces\AssembliesAndNamespaces.csproj", "{95BF6AB2-981F-4970-A497-3258139D9F87}"
EndProject
Global
	GlobalSection(SolutionConfigurationPlatforms) = preSolution
		Debug|Any CPU = Debug|Any CPU
		Release|Any CPU = Release|Any CPU
	EndGlobalSection
	GlobalSection(ProjectConfigurationPlatforms) = postSolution
		{95BF6AB2-981F-4970-A497-3258139D9F87}.Debug|Any CPU.ActiveCfg = Debug|Any CPU
		{95BF6AB2-981F-4970-A497-3258139D9F87}.Debug|Any CPU.Build.0 = Debug|Any CPU
		{95BF6AB2-981F-4970-A497-3258139D9F87}.Release|Any CPU.ActiveCfg = Release|Any CPU
		{95BF6AB2-981F-4970-A497-3258139D9F87}.Release|Any CPU.Build.0 = Release|Any CPU
	EndGlobalSection
	GlobalSection(SolutionProperties) = preSolution
		HideSolutionNode = FALSE
	EndGlobalSection
	GlobalSection(ExtensibilityGlobals) = postSolution
		SolutionGuid = {249E3169-C560-4C29-BB94-64D0D46203AC}
	EndGlobalSection
EndGlobal
